
Microsoft Visual Studio Solution File, Format Version 12.00
# Visual Studio Version 16
VisualStudioVersion = 16.0.30907.101
MinimumVisualStudioVersion = 10.0.40219.1
Project("{FAE04EC0-301F-11D3-BF4B-00C04F79EFBC}") = "MuGeme", "MuGeme\MuGeme.csproj", "{19734188-F8DA-40D5-8C03-96C361652887}"
EndProject
Global
	GlobalSection(SolutionConfigurationPlatforms) = preSolution
		Debug|Any CPU = Debug|Any CPU
		Release|Any CPU = Release|Any CPU
	EndGlobalSection
	GlobalSection(ProjectConfigurationPlatforms) = postSolution
		{19734188-F8DA-40D5-8C03-96C361652887}.Debug|Any CPU.ActiveCfg = Debug|Any CPU
		{19734188-F8DA-40D5-8C03-96C361652887}.Debug|Any CPU.Build.0 = Debug|Any CPU
		{19734188-F8DA-40D5-8C03-96C361652887}.Release|Any CPU.ActiveCfg = Release|Any CPU
		{19734188-F8DA-40D5-8C03-96C361652887}.Release|Any CPU.Build.0 = Release|Any CPU
	EndGlobalSection
	GlobalSection(SolutionProperties) = preSolution
		HideSolutionNode = FALSE
	EndGlobalSection
	GlobalSection(ExtensibilityGlobals) = postSolution
		SolutionGuid = {3D7E6BEF-9671-4820-B12F-319285E09852}
	EndGlobalSection
EndGlobal
