
Microsoft Visual Studio Solution File, Format Version 12.00
# Visual Studio Version 16
VisualStudioVersion = 16.0.30907.101
MinimumVisualStudioVersion = 10.0.40219.1
Project("{FAE04EC0-301F-11D3-BF4B-00C04F79EFBC}") = "AnimalSocialNetwork", "AnimalSocialNetwork\AnimalSocialNetwork.csproj", "{99EF91DA-8523-43FF-9C19-B0E24BA89FCE}"
EndProject
Project("{FAE04EC0-301F-11D3-BF4B-00C04F79EFBC}") = "Entities", "Entities\Entities.csproj", "{F64673EB-3C33-45F4-8A69-D1E5CFF49964}"
EndProject
Project("{2150E333-8FDC-42A3-9474-1A3956D46DE8}") = "Common", "Common", "{5C31535A-FE73-4E30-AE8E-1A43F752FAE0}"
EndProject
Project("{FAE04EC0-301F-11D3-BF4B-00C04F79EFBC}") = "DI", "DI\DI.csproj", "{84302C8F-5827-4BD3-8941-51EB8CB86C98}"
EndProject
Project("{2150E333-8FDC-42A3-9474-1A3956D46DE8}") = "BLL", "BLL", "{59792FD9-2DD0-4DE7-A1F8-5FBCB1A59E47}"
EndProject
Project("{FAE04EC0-301F-11D3-BF4B-00C04F79EFBC}") = "ASN.BLL.Contracts", "ASN.BLL.Contracts\ASN.BLL.Contracts.csproj", "{70D28CD2-2126-4783-8A0E-2CF1E6AAE495}"
EndProject
Project("{FAE04EC0-301F-11D3-BF4B-00C04F79EFBC}") = "ASN.BLL.Logics", "ASN.BLL.Logics\ASN.BLL.Logics.csproj", "{2864986C-E6CF-481D-A37A-5877F0E5B64E}"
EndProject
Project("{2150E333-8FDC-42A3-9474-1A3956D46DE8}") = "DAL", "DAL", "{427FE3A0-32B1-4FD2-9492-211AEB6A0613}"
EndProject
Project("{FAE04EC0-301F-11D3-BF4B-00C04F79EFBC}") = "ASN.DAL.Contracts", "ASN.DAL.Contracts\ASN.DAL.Contracts.csproj", "{572393FC-A943-4120-AEA1-F1425CBF939D}"
EndProject
Project("{FAE04EC0-301F-11D3-BF4B-00C04F79EFBC}") = "ASN.DAL", "ASN.DAL\ASN.DAL.csproj", "{44B1BE18-7B8A-44AA-8F8D-281B7BFC32A5}"
EndProject
Global
	GlobalSection(SolutionConfigurationPlatforms) = preSolution
		Debug|Any CPU = Debug|Any CPU
		Release|Any CPU = Release|Any CPU
	EndGlobalSection
	GlobalSection(ProjectConfigurationPlatforms) = postSolution
		{99EF91DA-8523-43FF-9C19-B0E24BA89FCE}.Debug|Any CPU.ActiveCfg = Debug|Any CPU
		{99EF91DA-8523-43FF-9C19-B0E24BA89FCE}.Debug|Any CPU.Build.0 = Debug|Any CPU
		{99EF91DA-8523-43FF-9C19-B0E24BA89FCE}.Release|Any CPU.ActiveCfg = Release|Any CPU
		{99EF91DA-8523-43FF-9C19-B0E24BA89FCE}.Release|Any CPU.Build.0 = Release|Any CPU
		{F64673EB-3C33-45F4-8A69-D1E5CFF49964}.Debug|Any CPU.ActiveCfg = Debug|Any CPU
		{F64673EB-3C33-45F4-8A69-D1E5CFF49964}.Debug|Any CPU.Build.0 = Debug|Any CPU
		{F64673EB-3C33-45F4-8A69-D1E5CFF49964}.Release|Any CPU.ActiveCfg = Release|Any CPU
		{F64673EB-3C33-45F4-8A69-D1E5CFF49964}.Release|Any CPU.Build.0 = Release|Any CPU
		{84302C8F-5827-4BD3-8941-51EB8CB86C98}.Debug|Any CPU.ActiveCfg = Debug|Any CPU
		{84302C8F-5827-4BD3-8941-51EB8CB86C98}.Debug|Any CPU.Build.0 = Debug|Any CPU
		{84302C8F-5827-4BD3-8941-51EB8CB86C98}.Release|Any CPU.ActiveCfg = Release|Any CPU
		{84302C8F-5827-4BD3-8941-51EB8CB86C98}.Release|Any CPU.Build.0 = Release|Any CPU
		{70D28CD2-2126-4783-8A0E-2CF1E6AAE495}.Debug|Any CPU.ActiveCfg = Debug|Any CPU
		{70D28CD2-2126-4783-8A0E-2CF1E6AAE495}.Debug|Any CPU.Build.0 = Debug|Any CPU
		{70D28CD2-2126-4783-8A0E-2CF1E6AAE495}.Release|Any CPU.ActiveCfg = Release|Any CPU
		{70D28CD2-2126-4783-8A0E-2CF1E6AAE495}.Release|Any CPU.Build.0 = Release|Any CPU
		{2864986C-E6CF-481D-A37A-5877F0E5B64E}.Debug|Any CPU.ActiveCfg = Debug|Any CPU
		{2864986C-E6CF-481D-A37A-5877F0E5B64E}.Debug|Any CPU.Build.0 = Debug|Any CPU
		{2864986C-E6CF-481D-A37A-5877F0E5B64E}.Release|Any CPU.ActiveCfg = Release|Any CPU
		{2864986C-E6CF-481D-A37A-5877F0E5B64E}.Release|Any CPU.Build.0 = Release|Any CPU
		{572393FC-A943-4120-AEA1-F1425CBF939D}.Debug|Any CPU.ActiveCfg = Debug|Any CPU
		{572393FC-A943-4120-AEA1-F1425CBF939D}.Debug|Any CPU.Build.0 = Debug|Any CPU
		{572393FC-A943-4120-AEA1-F1425CBF939D}.Release|Any CPU.ActiveCfg = Release|Any CPU
		{572393FC-A943-4120-AEA1-F1425CBF939D}.Release|Any CPU.Build.0 = Release|Any CPU
		{44B1BE18-7B8A-44AA-8F8D-281B7BFC32A5}.Debug|Any CPU.ActiveCfg = Debug|Any CPU
		{44B1BE18-7B8A-44AA-8F8D-281B7BFC32A5}.Debug|Any CPU.Build.0 = Debug|Any CPU
		{44B1BE18-7B8A-44AA-8F8D-281B7BFC32A5}.Release|Any CPU.ActiveCfg = Release|Any CPU
		{44B1BE18-7B8A-44AA-8F8D-281B7BFC32A5}.Release|Any CPU.Build.0 = Release|Any CPU
	EndGlobalSection
	GlobalSection(SolutionProperties) = preSolution
		HideSolutionNode = FALSE
	EndGlobalSection
	GlobalSection(NestedProjects) = preSolution
		{F64673EB-3C33-45F4-8A69-D1E5CFF49964} = {5C31535A-FE73-4E30-AE8E-1A43F752FAE0}
		{84302C8F-5827-4BD3-8941-51EB8CB86C98} = {5C31535A-FE73-4E30-AE8E-1A43F752FAE0}
		{70D28CD2-2126-4783-8A0E-2CF1E6AAE495} = {59792FD9-2DD0-4DE7-A1F8-5FBCB1A59E47}
		{2864986C-E6CF-481D-A37A-5877F0E5B64E} = {59792FD9-2DD0-4DE7-A1F8-5FBCB1A59E47}
		{572393FC-A943-4120-AEA1-F1425CBF939D} = {427FE3A0-32B1-4FD2-9492-211AEB6A0613}
		{44B1BE18-7B8A-44AA-8F8D-281B7BFC32A5} = {427FE3A0-32B1-4FD2-9492-211AEB6A0613}
	EndGlobalSection
	GlobalSection(ExtensibilityGlobals) = postSolution
		SolutionGuid = {33FC189C-EEC6-4B40-9EDD-E6F28B3C6977}
	EndGlobalSection
EndGlobal
